[[package]]
name = "anyio"
version = "3.6.2"
description = "High level compatibility layer for multiple asynchronous event loop implementations"
category = "main"
optional = false
python-versions = ">=3.6.2"

[package.dependencies]
idna = ">=2.8"
sniffio = ">=1.1"

[package.extras]
doc = ["packaging", "sphinx-rtd-theme", "sphinx-autodoc-typehints (>=1.2.0)"]
test = ["coverage[toml] (>=4.5)", "hypothesis (>=4.0)", "pytest (>=7.0)", "pytest-mock (>=3.6.1)", "trustme", "contextlib2", "uvloop (<0.15)", "mock (>=4)", "uvloop (>=0.15)"]
trio = ["trio (>=0.16,<0.22)"]

[[package]]
name = "apscheduler"
version = "3.9.1.post1"
description = "In-process task scheduler with Cron-like capabilities"
category = "main"
optional = false
python-versions = "!=3.0.*, !=3.1.*, !=3.2.*, !=3.3.*, !=3.4.*, <4"

[package.dependencies]
pytz = "*"
six = ">=1.4.0"
tzlocal = ">=2.0,<3.0.0 || >=4.0.0"

[package.extras]
asyncio = ["trollius"]
doc = ["sphinx", "sphinx-rtd-theme"]
gevent = ["gevent"]
mongodb = ["pymongo (>=3.0)"]
redis = ["redis (>=3.0)"]
rethinkdb = ["rethinkdb (>=2.4.0)"]
sqlalchemy = ["sqlalchemy (>=0.8)"]
testing = ["pytest", "pytest-cov", "pytest-tornado5", "mock", "pytest-asyncio (<0.6)", "pytest-asyncio"]
tornado = ["tornado (>=4.3)"]
twisted = ["twisted"]
zookeeper = ["kazoo"]

[[package]]
name = "atomicwrites"
version = "1.4.1"
description = "Atomic file writes."
category = "dev"
optional = false
python-versions = ">=2.7, !=3.0.*, !=3.1.*, !=3.2.*, !=3.3.*"

[[package]]
name = "attrs"
version = "22.1.0"
description = "Classes Without Boilerplate"
category = "dev"
optional = false
python-versions = ">=3.5"

[package.extras]
tests_no_zope = ["cloudpickle", "pytest-mypy-plugins", "mypy (>=0.900,!=0.940)", "pytest (>=4.3.0)", "pympler", "hypothesis", "coverage[toml] (>=5.0.2)"]
tests = ["cloudpickle", "zope.interface", "pytest-mypy-plugins", "mypy (>=0.900,!=0.940)", "pytest (>=4.3.0)", "pympler", "hypothesis", "coverage[toml] (>=5.0.2)"]
docs = ["sphinx-notfound-page", "zope.interface", "sphinx", "furo"]
dev = ["cloudpickle", "pre-commit", "sphinx-notfound-page", "sphinx", "furo", "zope.interface", "pytest-mypy-plugins", "mypy (>=0.900,!=0.940)", "pytest (>=4.3.0)", "pympler", "hypothesis", "coverage[toml] (>=5.0.2)"]

[[package]]
name = "click"
version = "8.1.3"
description = "Composable command line interface toolkit"
category = "main"
optional = false
python-versions = ">=3.7"

[package.dependencies]
colorama = {version = "*", markers = "platform_system == \"Windows\""}

[[package]]
name = "colorama"
version = "0.4.6"
description = "Cross-platform colored terminal text."
category = "main"
optional = false
python-versions = "!=3.0.*,!=3.1.*,!=3.2.*,!=3.3.*,!=3.4.*,!=3.5.*,!=3.6.*,>=2.7"

[[package]]
name = "dnspython"
version = "2.2.1"
description = "DNS toolkit"
category = "main"
optional = false
python-versions = ">=3.6,<4.0"

[package.extras]
dnssec = ["cryptography (>=2.6,<37.0)"]
curio = ["curio (>=1.2,<2.0)", "sniffio (>=1.1,<2.0)"]
doh = ["h2 (>=4.1.0)", "httpx (>=0.21.1)", "requests (>=2.23.0,<3.0.0)", "requests-toolbelt (>=0.9.1,<0.10.0)"]
idna = ["idna (>=2.1,<4.0)"]
trio = ["trio (>=0.14,<0.20)"]
wmi = ["wmi (>=1.5.1,<2.0.0)"]

[[package]]
name = "fastapi"
version = "0.86.0"
description = "FastAPI framework, high performance, easy to learn, fast to code, ready for production"
category = "main"
optional = false
python-versions = ">=3.7"

[package.dependencies]
pydantic = ">=1.6.2,<1.7 || >1.7,<1.7.1 || >1.7.1,<1.7.2 || >1.7.2,<1.7.3 || >1.7.3,<1.8 || >1.8,<1.8.1 || >1.8.1,<2.0.0"
starlette = "0.20.4"

[package.extras]
all = ["email-validator (>=1.1.1,<2.0.0)", "itsdangerous (>=1.1.0,<3.0.0)", "jinja2 (>=2.11.2,<4.0.0)", "orjson (>=3.2.1,<4.0.0)", "python-multipart (>=0.0.5,<0.0.6)", "pyyaml (>=5.3.1,<7.0.0)", "requests (>=2.24.0,<3.0.0)", "ujson (>=4.0.1,!=4.0.2,!=4.1.0,!=4.2.0,!=4.3.0,!=5.0.0,!=5.1.0,<6.0.0)", "uvicorn[standard] (>=0.12.0,<0.19.0)"]
dev = ["autoflake (>=1.4.0,<2.0.0)", "flake8 (>=3.8.3,<6.0.0)", "pre-commit (>=2.17.0,<3.0.0)", "uvicorn[standard] (>=0.12.0,<0.19.0)"]
doc = ["mdx-include (>=1.4.1,<2.0.0)", "mkdocs-markdownextradata-plugin (>=0.1.7,<0.3.0)", "mkdocs-material (>=8.1.4,<9.0.0)", "mkdocs (>=1.1.2,<2.0.0)", "pyyaml (>=5.3.1,<7.0.0)", "typer[all] (>=0.6.1,<0.7.0)"]
test = ["anyio[trio] (>=3.2.1,<4.0.0)", "black (==22.8.0)", "coverage[toml] (>=6.5.0,<7.0)", "databases[sqlite] (>=0.3.2,<0.7.0)", "email-validator (>=1.1.1,<2.0.0)", "flake8 (>=3.8.3,<6.0.0)", "flask (>=1.1.2,<3.0.0)", "httpx (>=0.23.0,<0.24.0)", "isort (>=5.0.6,<6.0.0)", "mypy (==0.982)", "orjson (>=3.2.1,<4.0.0)", "passlib[bcrypt] (>=1.7.2,<2.0.0)", "peewee (>=3.13.3,<4.0.0)", "pytest (>=7.1.3,<8.0.0)", "python-jose[cryptography] (>=3.3.0,<4.0.0)", "python-multipart (>=0.0.5,<0.0.6)", "pyyaml (>=5.3.1,<7.0.0)", "requests (>=2.24.0,<3.0.0)", "sqlalchemy (>=1.3.18,<=1.4.41)", "types-orjson (==3.6.2)", "types-ujson (==5.5.0)", "ujson (>=4.0.1,!=4.0.2,!=4.1.0,!=4.2.0,!=4.3.0,!=5.0.0,!=5.1.0,<6.0.0)"]

[[package]]
name = "h11"
version = "0.14.0"
description = "A pure-Python, bring-your-own-I/O implementation of HTTP/1.1"
category = "main"
optional = false
python-versions = ">=3.7"

[[package]]
name = "idna"
version = "3.4"
description = "Internationalized Domain Names in Applications (IDNA)"
category = "main"
optional = false
python-versions = ">=3.5"

[[package]]
name = "more-itertools"
version = "9.0.0"
description = "More routines for operating on iterables, beyond itertools"
category = "dev"
optional = false
python-versions = ">=3.7"

[[package]]
name = "motor"
version = "3.1.1"
description = "Non-blocking MongoDB driver for Tornado or asyncio"
category = "main"
optional = false
python-versions = ">=3.7"

[package.dependencies]
pymongo = ">=4.1,<5"

[package.extras]
aws = ["pymongo[aws] (>=4.1,<5)"]
encryption = ["pymongo[encryption] (>=4.1,<5)"]
gssapi = ["pymongo[gssapi] (>=4.1,<5)"]
ocsp = ["pymongo[ocsp] (>=4.1,<5)"]
snappy = ["pymongo[snappy] (>=4.1,<5)"]
srv = ["pymongo[srv] (>=4.1,<5)"]
zstd = ["pymongo[zstd] (>=4.1,<5)"]

[[package]]
name = "packaging"
version = "21.3"
description = "Core utilities for Python packages"
category = "dev"
optional = false
python-versions = ">=3.6"

[package.dependencies]
pyparsing = ">=2.0.2,<3.0.5 || >3.0.5"

[[package]]
name = "pluggy"
version = "0.13.1"
description = "plugin and hook calling mechanisms for python"
category = "dev"
optional = false
python-versions = ">=2.7, !=3.0.*, !=3.1.*, !=3.2.*, !=3.3.*"

[package.extras]
dev = ["tox", "pre-commit"]

[[package]]
name = "py"
version = "1.11.0"
description = "library with cross-python path, ini-parsing, io, code, log facilities"
category = "dev"
optional = false
python-versions = ">=2.7, !=3.0.*, !=3.1.*, !=3.2.*, !=3.3.*, !=3.4.*"

[[package]]
name = "pydantic"
version = "1.10.2"
description = "Data validation and settings management using python type hints"
category = "main"
optional = false
python-versions = ">=3.7"

[package.dependencies]
typing-extensions = ">=4.1.0"

[package.extras]
dotenv = ["python-dotenv (>=0.10.4)"]
email = ["email-validator (>=1.0.3)"]

[[package]]
name = "pymongo"
version = "4.3.3"
description = "Python driver for MongoDB <http://www.mongodb.org>"
category = "main"
optional = false
python-versions = ">=3.7"

[package.dependencies]
dnspython = ">=1.16.0,<3.0.0"

[package.extras]
aws = ["pymongo-auth-aws (<2.0.0)"]
encryption = ["pymongocrypt (>=1.3.0,<2.0.0)", "pymongo-auth-aws (<2.0.0)"]
gssapi = ["pykerberos"]
ocsp = ["pyopenssl (>=17.2.0)", "requests (<3.0.0)", "service-identity (>=18.1.0)", "certifi"]
snappy = ["python-snappy"]
zstd = ["zstandard"]

[[package]]
name = "pyparsing"
version = "3.0.9"
description = "pyparsing module - Classes and methods to define and execute parsing grammars"
category = "dev"
optional = false
python-versions = ">=3.6.8"

[package.extras]
diagrams = ["jinja2", "railroad-diagrams"]

[[package]]
name = "pytest"
version = "5.4.3"
description = "pytest: simple powerful testing with Python"
category = "dev"
optional = false
python-versions = ">=3.5"

[package.dependencies]
atomicwrites = {version = ">=1.0", markers = "sys_platform == \"win32\""}
attrs = ">=17.4.0"
colorama = {version = "*", markers = "sys_platform == \"win32\""}
more-itertools = ">=4.0.0"
packaging = "*"
pluggy = ">=0.12,<1.0"
py = ">=1.5.0"
wcwidth = "*"

[package.extras]
testing = ["xmlschema", "requests", "nose", "mock", "hypothesis (>=3.56)", "argcomplete"]
checkqa-mypy = ["mypy (==v0.761)"]

[[package]]
name = "python-dotenv"
version = "0.21.0"
description = "Read key-value pairs from a .env file and set them as environment variables"
category = "main"
optional = false
python-versions = ">=3.7"

[package.extras]
cli = ["click (>=5.0)"]

[[package]]
name = "pytz"
version = "2022.6"
description = "World timezone definitions, modern and historical"
category = "main"
optional = false
python-versions = "*"

[[package]]
name = "pytz-deprecation-shim"
version = "0.1.0.post0"
description = "Shims to make deprecation of pytz easier"
category = "main"
optional = false
python-versions = "!=3.0.*,!=3.1.*,!=3.2.*,!=3.3.*,!=3.4.*,!=3.5.*,>=2.7"

[package.dependencies]
tzdata = {version = "*", markers = "python_version >= \"3.6\""}

[[package]]
name = "six"
version = "1.16.0"
description = "Python 2 and 3 compatibility utilities"
category = "main"
optional = false
python-versions = ">=2.7, !=3.0.*, !=3.1.*, !=3.2.*"

[[package]]
name = "sniffio"
version = "1.3.0"
description = "Sniff out which async library your code is running under"
category = "main"
optional = false
python-versions = ">=3.7"

[[package]]
name = "starlette"
version = "0.20.4"
description = "The little ASGI library that shines."
category = "main"
optional = false
python-versions = ">=3.7"

[package.dependencies]
anyio = ">=3.4.0,<5"

[package.extras]
full = ["itsdangerous", "jinja2", "python-multipart", "pyyaml", "requests"]

[[package]]
name = "typing-extensions"
version = "4.4.0"
description = "Backported and Experimental Type Hints for Python 3.7+"
category = "main"
optional = false
python-versions = ">=3.7"

[[package]]
name = "tzdata"
version = "2022.6"
description = "Provider of IANA time zone data"
category = "main"
optional = false
python-versions = ">=2"

[[package]]
name = "tzlocal"
version = "4.2"
description = "tzinfo object for the local timezone"
category = "main"
optional = false
python-versions = ">=3.6"

[package.dependencies]
pytz-deprecation-shim = "*"
tzdata = {version = "*", markers = "platform_system == \"Windows\""}

[package.extras]
devenv = ["black", "pyroma", "pytest-cov", "zest.releaser"]
test = ["pytest-mock (>=3.3)", "pytest (>=4.3)"]

[[package]]
name = "uvicorn"
version = "0.19.0"
description = "The lightning-fast ASGI server."
category = "main"
optional = false
python-versions = ">=3.7"

[package.dependencies]
click = ">=7.0"
h11 = ">=0.8"

[package.extras]
standard = ["colorama (>=0.4)", "httptools (>=0.5.0)", "python-dotenv (>=0.13)", "pyyaml (>=5.1)", "uvloop (>=0.14.0,!=0.15.0,!=0.15.1)", "watchfiles (>=0.13)", "websockets (>=10.0)"]

[[package]]
name = "wcwidth"
version = "0.2.5"
description = "Measures the displayed width of unicode strings in a terminal"
category = "dev"
optional = false
python-versions = "*"

[[package]]
name = "websockets"
version = "10.4"
description = "An implementation of the WebSocket Protocol (RFC 6455 & 7692)"
category = "main"
optional = false
python-versions = ">=3.7"

[metadata]
lock-version = "1.1"
python-versions = "^3.10"
content-hash = "2d96e55e2702fb6e041dcb72f708e5473d68ed439178819c4924c48d769c227c"

[metadata.files]
anyio = [
    {file = "anyio-3.6.2-py3-none-any.whl", hash = "sha256:fbbe32bd270d2a2ef3ed1c5d45041250284e31fc0a4df4a5a6071842051a51e3"},
    {file = "anyio-3.6.2.tar.gz", hash = "sha256:25ea0d673ae30af41a0c442f81cf3b38c7e79fdc7b60335a4c14e05eb0947421"},
]
apscheduler = [
    {file = "APScheduler-3.9.1.post1-py2.py3-none-any.whl", hash = "sha256:c8c618241dbb2785ed5a687504b14cb1851d6f7b5a4edf3a51e39cc6a069967a"},
    {file = "APScheduler-3.9.1.post1.tar.gz", hash = "sha256:b2bea0309569da53a7261bfa0ce19c67ddbfe151bda776a6a907579fdbd3eb2a"},
]
atomicwrites = [
    {file = "atomicwrites-1.4.1.tar.gz", hash = "sha256:81b2c9071a49367a7f770170e5eec8cb66567cfbbc8c73d20ce5ca4a8d71cf11"},
]
attrs = [
    {file = "attrs-22.1.0-py2.py3-none-any.whl", hash = "sha256:86efa402f67bf2df34f51a335487cf46b1ec130d02b8d39fd248abfd30da551c"},
    {file = "attrs-22.1.0.tar.gz", hash = "sha256:29adc2665447e5191d0e7c568fde78b21f9672d344281d0c6e1ab085429b22b6"},
]
click = [
    {file = "click-8.1.3-py3-none-any.whl", hash = "sha256:bb4d8133cb15a609f44e8213d9b391b0809795062913b383c62be0ee95b1db48"},
    {file = "click-8.1.3.tar.gz", hash = "sha256:7682dc8afb30297001674575ea00d1814d808d6a36af415a82bd481d37ba7b8e"},
]
colorama = [
    {file = "colorama-0.4.6-py2.py3-none-any.whl", hash = "sha256:4f1d9991f5acc0ca119f9d443620b77f9d6b33703e51011c16baf57afb285fc6"},
    {file = "colorama-0.4.6.tar.gz", hash = "sha256:08695f5cb7ed6e0531a20572697297273c47b8cae5a63ffc6d6ed5c201be6e44"},
]
dnspython = [
    {file = "dnspython-2.2.1-py3-none-any.whl", hash = "sha256:a851e51367fb93e9e1361732c1d60dab63eff98712e503ea7d92e6eccb109b4f"},
    {file = "dnspython-2.2.1.tar.gz", hash = "sha256:0f7569a4a6ff151958b64304071d370daa3243d15941a7beedf0c9fe5105603e"},
]
fastapi = [
    {file = "fastapi-0.86.0-py3-none-any.whl", hash = "sha256:1020d7ca205d8b95813881fb3282e9c3656e47993531af3aa4ae11065b61dd2c"},
    {file = "fastapi-0.86.0.tar.gz", hash = "sha256:cdcaff84ecf7ae939b9579f0c98b0a0989ee3dd855710a32bc985260d92612f6"},
]
h11 = [
    {file = "h11-0.14.0-py3-none-any.whl", hash = "sha256:e3fe4ac4b851c468cc8363d500db52c2ead036020723024a109d37346efaa761"},
    {file = "h11-0.14.0.tar.gz", hash = "sha256:8f19fbbe99e72420ff35c00b27a34cb9937e902a8b810e2c88300c6f0a3b699d"},
]
idna = [
    {file = "idna-3.4-py3-none-any.whl", hash = "sha256:90b77e79eaa3eba6de819a0c442c0b4ceefc341a7a2ab77d7562bf49f425c5c2"},
    {file = "idna-3.4.tar.gz", hash = "sha256:814f528e8dead7d329833b91c5faa87d60bf71824cd12a7530b5526063d02cb4"},
]
more-itertools = [
    {file = "more-itertools-9.0.0.tar.gz", hash = "sha256:5a6257e40878ef0520b1803990e3e22303a41b5714006c32a3fd8304b26ea1ab"},
    {file = "more_itertools-9.0.0-py3-none-any.whl", hash = "sha256:250e83d7e81d0c87ca6bd942e6aeab8cc9daa6096d12c5308f3f92fa5e5c1f41"},
]
motor = [
    {file = "motor-3.1.1-py3-none-any.whl", hash = "sha256:01d93d7c512810dcd85f4d634a7244ba42ff6be7340c869791fe793561e734da"},
    {file = "motor-3.1.1.tar.gz", hash = "sha256:a4bdadf8a08ebb186ba16e557ba432aa867f689a42b80f2e9f8b24bbb1604742"},
]
packaging = [
    {file = "packaging-21.3-py3-none-any.whl", hash = "sha256:ef103e05f519cdc783ae24ea4e2e0f508a9c99b2d4969652eed6a2e1ea5bd522"},
    {file = "packaging-21.3.tar.gz", hash = "sha256:dd47c42927d89ab911e606518907cc2d3a1f38bbd026385970643f9c5b8ecfeb"},
]
pluggy = [
    {file = "pluggy-0.13.1-py2.py3-none-any.whl", hash = "sha256:966c145cd83c96502c3c3868f50408687b38434af77734af1e9ca461a4081d2d"},
    {file = "pluggy-0.13.1.tar.gz", hash = "sha256:15b2acde666561e1298d71b523007ed7364de07029219b604cf808bfa1c765b0"},
]
py = [
    {file = "py-1.11.0-py2.py3-none-any.whl", hash = "sha256:607c53218732647dff4acdfcd50cb62615cedf612e72d1724fb1a0cc6405b378"},
    {file = "py-1.11.0.tar.gz", hash = "sha256:51c75c4126074b472f746a24399ad32f6053d1b34b68d2fa41e558e6f4a98719"},
]
pydantic = [
    {file = "pydantic-1.10.2-cp310-cp310-macosx_10_9_x86_64.whl", hash = "sha256:bb6ad4489af1bac6955d38ebcb95079a836af31e4c4f74aba1ca05bb9f6027bd"},
    {file = "pydantic-1.10.2-cp310-cp310-macosx_11_0_arm64.whl", hash = "sha256:a1f5a63a6dfe19d719b1b6e6106561869d2efaca6167f84f5ab9347887d78b98"},
    {file = "pydantic-1.10.2-cp310-cp310-manylinux_2_17_x86_64.manylinux2014_x86_64.whl", hash = "sha256:352aedb1d71b8b0736c6d56ad2bd34c6982720644b0624462059ab29bd6e5912"},
    {file = "pydantic-1.10.2-cp310-cp310-manylinux_2_5_i686.manylinux1_i686.manylinux_2_17_i686.manylinux2014_i686.whl", hash = "sha256:19b3b9ccf97af2b7519c42032441a891a5e05c68368f40865a90eb88833c2559"},
    {file = "pydantic-1.10.2-cp310-cp310-musllinux_1_1_i686.whl", hash = "sha256:e9069e1b01525a96e6ff49e25876d90d5a563bc31c658289a8772ae186552236"},
    {file = "pydantic-1.10.2-cp310-cp310-musllinux_1_1_x86_64.whl", hash = "sha256:355639d9afc76bcb9b0c3000ddcd08472ae75318a6eb67a15866b87e2efa168c"},
    {file = "pydantic-1.10.2-cp310-cp310-win_amd64.whl", hash = "sha256:ae544c47bec47a86bc7d350f965d8b15540e27e5aa4f55170ac6a75e5f73b644"},
    {file = "pydantic-1.10.2-cp311-cp311-macosx_10_9_x86_64.whl", hash = "sha256:a4c805731c33a8db4b6ace45ce440c4ef5336e712508b4d9e1aafa617dc9907f"},
    {file = "pydantic-1.10.2-cp311-cp311-macosx_11_0_arm64.whl", hash = "sha256:d49f3db871575e0426b12e2f32fdb25e579dea16486a26e5a0474af87cb1ab0a"},
    {file = "pydantic-1.10.2-cp311-cp311-manylinux_2_17_x86_64.manylinux2014_x86_64.whl", hash = "sha256:37c90345ec7dd2f1bcef82ce49b6235b40f282b94d3eec47e801baf864d15525"},
    {file = "pydantic-1.10.2-cp311-cp311-manylinux_2_5_i686.manylinux1_i686.manylinux_2_17_i686.manylinux2014_i686.whl", hash = "sha256:7b5ba54d026c2bd2cb769d3468885f23f43710f651688e91f5fb1edcf0ee9283"},
    {file = "pydantic-1.10.2-cp311-cp311-musllinux_1_1_i686.whl", hash = "sha256:05e00dbebbe810b33c7a7362f231893183bcc4251f3f2ff991c31d5c08240c42"},
    {file = "pydantic-1.10.2-cp311-cp311-musllinux_1_1_x86_64.whl", hash = "sha256:2d0567e60eb01bccda3a4df01df677adf6b437958d35c12a3ac3e0f078b0ee52"},
    {file = "pydantic-1.10.2-cp311-cp311-win_amd64.whl", hash = "sha256:c6f981882aea41e021f72779ce2a4e87267458cc4d39ea990729e21ef18f0f8c"},
    {file = "pydantic-1.10.2-cp37-cp37m-macosx_10_9_x86_64.whl", hash = "sha256:c4aac8e7103bf598373208f6299fa9a5cfd1fc571f2d40bf1dd1955a63d6eeb5"},
    {file = "pydantic-1.10.2-cp37-cp37m-manylinux_2_17_x86_64.manylinux2014_x86_64.whl", hash = "sha256:81a7b66c3f499108b448f3f004801fcd7d7165fb4200acb03f1c2402da73ce4c"},
    {file = "pydantic-1.10.2-cp37-cp37m-manylinux_2_5_i686.manylinux1_i686.manylinux_2_17_i686.manylinux2014_i686.whl", hash = "sha256:bedf309630209e78582ffacda64a21f96f3ed2e51fbf3962d4d488e503420254"},
    {file = "pydantic-1.10.2-cp37-cp37m-musllinux_1_1_i686.whl", hash = "sha256:9300fcbebf85f6339a02c6994b2eb3ff1b9c8c14f502058b5bf349d42447dcf5"},
    {file = "pydantic-1.10.2-cp37-cp37m-musllinux_1_1_x86_64.whl", hash = "sha256:216f3bcbf19c726b1cc22b099dd409aa371f55c08800bcea4c44c8f74b73478d"},
    {file = "pydantic-1.10.2-cp37-cp37m-win_amd64.whl", hash = "sha256:dd3f9a40c16daf323cf913593083698caee97df2804aa36c4b3175d5ac1b92a2"},
    {file = "pydantic-1.10.2-cp38-cp38-macosx_10_9_x86_64.whl", hash = "sha256:b97890e56a694486f772d36efd2ba31612739bc6f3caeee50e9e7e3ebd2fdd13"},
    {file = "pydantic-1.10.2-cp38-cp38-macosx_11_0_arm64.whl", hash = "sha256:9cabf4a7f05a776e7793e72793cd92cc865ea0e83a819f9ae4ecccb1b8aa6116"},
    {file = "pydantic-1.10.2-cp38-cp38-manylinux_2_17_x86_64.manylinux2014_x86_64.whl", hash = "sha256:06094d18dd5e6f2bbf93efa54991c3240964bb663b87729ac340eb5014310624"},
    {file = "pydantic-1.10.2-cp38-cp38-manylinux_2_5_i686.manylinux1_i686.manylinux_2_17_i686.manylinux2014_i686.whl", hash = "sha256:cc78cc83110d2f275ec1970e7a831f4e371ee92405332ebfe9860a715f8336e1"},
    {file = "pydantic-1.10.2-cp38-cp38-musllinux_1_1_i686.whl", hash = "sha256:1ee433e274268a4b0c8fde7ad9d58ecba12b069a033ecc4645bb6303c062d2e9"},
    {file = "pydantic-1.10.2-cp38-cp38-musllinux_1_1_x86_64.whl", hash = "sha256:7c2abc4393dea97a4ccbb4ec7d8658d4e22c4765b7b9b9445588f16c71ad9965"},
    {file = "pydantic-1.10.2-cp38-cp38-win_amd64.whl", hash = "sha256:0b959f4d8211fc964772b595ebb25f7652da3f22322c007b6fed26846a40685e"},
    {file = "pydantic-1.10.2-cp39-cp39-macosx_10_9_x86_64.whl", hash = "sha256:c33602f93bfb67779f9c507e4d69451664524389546bacfe1bee13cae6dc7488"},
    {file = "pydantic-1.10.2-cp39-cp39-macosx_11_0_arm64.whl", hash = "sha256:5760e164b807a48a8f25f8aa1a6d857e6ce62e7ec83ea5d5c5a802eac81bad41"},
    {file = "pydantic-1.10.2-cp39-cp39-manylinux_2_17_x86_64.manylinux2014_x86_64.whl", hash = "sha256:6eb843dcc411b6a2237a694f5e1d649fc66c6064d02b204a7e9d194dff81eb4b"},
    {file = "pydantic-1.10.2-cp39-cp39-manylinux_2_5_i686.manylinux1_i686.manylinux_2_17_i686.manylinux2014_i686.whl", hash = "sha256:4b8795290deaae348c4eba0cebb196e1c6b98bdbe7f50b2d0d9a4a99716342fe"},
    {file = "pydantic-1.10.2-cp39-cp39-musllinux_1_1_i686.whl", hash = "sha256:e0bedafe4bc165ad0a56ac0bd7695df25c50f76961da29c050712596cf092d6d"},
    {file = "pydantic-1.10.2-cp39-cp39-musllinux_1_1_x86_64.whl", hash = "sha256:2e05aed07fa02231dbf03d0adb1be1d79cabb09025dd45aa094aa8b4e7b9dcda"},
    {file = "pydantic-1.10.2-cp39-cp39-win_amd64.whl", hash = "sha256:c1ba1afb396148bbc70e9eaa8c06c1716fdddabaf86e7027c5988bae2a829ab6"},
    {file = "pydantic-1.10.2-py3-none-any.whl", hash = "sha256:1b6ee725bd6e83ec78b1aa32c5b1fa67a3a65badddde3976bca5fe4568f27709"},
    {file = "pydantic-1.10.2.tar.gz", hash = "sha256:91b8e218852ef6007c2b98cd861601c6a09f1aa32bbbb74fab5b1c33d4a1e410"},
]
pymongo = [
    {file = "pymongo-4.3.3-cp310-cp310-macosx_10_9_universal2.whl", hash = "sha256:74731c9e423c93cbe791f60c27030b6af6a948cef67deca079da6cd1bb583a8e"},
    {file = "pymongo-4.3.3-cp310-cp310-manylinux1_i686.whl", hash = "sha256:66413c50d510e5bcb0afc79880d1693a2185bcea003600ed898ada31338c004e"},
    {file = "pymongo-4.3.3-cp310-cp310-manylinux2014_aarch64.whl", hash = "sha256:9b87b23570565a6ddaa9244d87811c2ee9cffb02a753c8a2da9c077283d85845"},
    {file = "pymongo-4.3.3-cp310-cp310-manylinux2014_i686.whl", hash = "sha256:695939036a320f4329ccf1627edefbbb67cc7892b8222d297b0dd2313742bfee"},
    {file = "pymongo-4.3.3-cp310-cp310-manylinux2014_ppc64le.whl", hash = "sha256:ffcc8394123ea8d43fff8e5d000095fe7741ce3f8988366c5c919c4f5eb179d3"},
    {file = "pymongo-4.3.3-cp310-cp310-manylinux2014_s390x.whl", hash = "sha256:943f208840777f34312c103a2d1caab02d780c4e9be26b3714acf6c4715ba7e1"},
    {file = "pymongo-4.3.3-cp310-cp310-manylinux2014_x86_64.whl", hash = "sha256:01f7cbe88d22440b6594c955e37312d932fd632ffed1a86d0c361503ca82cc9d"},
    {file = "pymongo-4.3.3-cp310-cp310-manylinux_2_17_aarch64.manylinux2014_aarch64.whl", hash = "sha256:cdb87309de97c63cb9a69132e1cb16be470e58cffdfbad68fdd1dc292b22a840"},
    {file = "pymongo-4.3.3-cp310-cp310-manylinux_2_17_ppc64le.manylinux2014_ppc64le.whl", hash = "sha256:d86c35d94b5499689354ccbc48438a79f449481ee6300f3e905748edceed78e7"},
    {file = "pymongo-4.3.3-cp310-cp310-manylinux_2_17_s390x.manylinux2014_s390x.whl", hash = "sha256:a966d5304b7d90c45c404914e06bbf02c5bf7e99685c6c12f0047ef2aa837142"},
    {file = "pymongo-4.3.3-cp310-cp310-manylinux_2_17_x86_64.manylinux2014_x86_64.whl", hash = "sha256:be1d2ce7e269215c3ee9a215e296b7a744aff4f39233486d2c4d77f5f0c561a6"},
    {file = "pymongo-4.3.3-cp310-cp310-manylinux_2_5_i686.manylinux1_i686.manylinux_2_17_i686.manylinux2014_i686.whl", hash = "sha256:55b6163dac53ef1e5d834297810c178050bd0548a4136cd4e0f56402185916ca"},
    {file = "pymongo-4.3.3-cp310-cp310-win32.whl", hash = "sha256:dc0cff74cd36d7e1edba91baa09622c35a8a57025f2f2b7a41e3f83b1db73186"},
    {file = "pymongo-4.3.3-cp310-cp310-win_amd64.whl", hash = "sha256:cafa52873ae12baa512a8721afc20de67a36886baae6a5f394ddef0ce9391f91"},
    {file = "pymongo-4.3.3-cp311-cp311-macosx_10_9_universal2.whl", hash = "sha256:599d3f6fbef31933b96e2d906b0f169b3371ff79ea6aaf6ecd76c947a3508a3d"},
    {file = "pymongo-4.3.3-cp311-cp311-manylinux_2_17_aarch64.manylinux2014_aarch64.whl", hash = "sha256:c0640b4e9d008e13956b004d1971a23377b3d45491f87082161c92efb1e6c0d6"},
    {file = "pymongo-4.3.3-cp311-cp311-manylinux_2_17_ppc64le.manylinux2014_ppc64le.whl", hash = "sha256:341221e2f2866a5960e6f8610f4cbac0bb13097f3b1a289aa55aba984fc0d969"},
    {file = "pymongo-4.3.3-cp311-cp311-manylinux_2_17_s390x.manylinux2014_s390x.whl", hash = "sha256:e7fac06a539daef4fcf5d8288d0d21b412f9b750454cd5a3cf90484665db442a"},
    {file = "pymongo-4.3.3-cp311-cp311-manylinux_2_17_x86_64.manylinux2014_x86_64.whl", hash = "sha256:d3a51901066696c4af38c6c63a1f0aeffd5e282367ff475de8c191ec9609b56d"},
    {file = "pymongo-4.3.3-cp311-cp311-manylinux_2_5_i686.manylinux1_i686.manylinux_2_17_i686.manylinux2014_i686.whl", hash = "sha256:f3055510fdfdb1775bc8baa359783022f70bb553f2d46e153c094dfcb08578ff"},
    {file = "pymongo-4.3.3-cp311-cp311-win32.whl", hash = "sha256:524d78673518dcd352a91541ecd2839c65af92dc883321c2109ef6e5cd22ef23"},
    {file = "pymongo-4.3.3-cp311-cp311-win_amd64.whl", hash = "sha256:b8a03af1ce79b902a43f5f694c4ca8d92c2a4195db0966f08f266549e2fc49bc"},
    {file = "pymongo-4.3.3-cp37-cp37m-macosx_10_6_intel.whl", hash = "sha256:39b03045c71f761aee96a12ebfbc2f4be89e724ff6f5e31c2574c1a0e2add8bd"},
    {file = "pymongo-4.3.3-cp37-cp37m-manylinux1_i686.whl", hash = "sha256:6fcfbf435eebf8a1765c6d1f46821740ebe9f54f815a05c8fc30d789ef43cb12"},
    {file = "pymongo-4.3.3-cp37-cp37m-manylinux1_x86_64.whl", hash = "sha256:7d43ac9c7eeda5100fb0a7152fab7099c9cf9e5abd3bb36928eb98c7d7a339c6"},
    {file = "pymongo-4.3.3-cp37-cp37m-manylinux2014_aarch64.whl", hash = "sha256:3b93043b14ba7eb08c57afca19751658ece1cfa2f0b7b1fb5c7a41452fbb8482"},
    {file = "pymongo-4.3.3-cp37-cp37m-manylinux2014_i686.whl", hash = "sha256:c09956606c08c4a7c6178a04ba2dd9388fcc5db32002ade9c9bc865ab156ab6d"},
    {file = "pymongo-4.3.3-cp37-cp37m-manylinux2014_ppc64le.whl", hash = "sha256:b0cfe925610f2fd59555bb7fc37bd739e4b197d33f2a8b2fae7b9c0c6640318c"},
    {file = "pymongo-4.3.3-cp37-cp37m-manylinux2014_s390x.whl", hash = "sha256:4d00b91c77ceb064c9b0459f0d6ea5bfdbc53ea9e17cf75731e151ef25a830c7"},
    {file = "pymongo-4.3.3-cp37-cp37m-manylinux2014_x86_64.whl", hash = "sha256:c6258a3663780ae47ba73d43eb63c79c40ffddfb764e09b56df33be2f9479837"},
    {file = "pymongo-4.3.3-cp37-cp37m-manylinux_2_17_aarch64.manylinux2014_aarch64.whl", hash = "sha256:c29e758f0e734e1e90357ae01ec9c6daf19ff60a051192fe110d8fb25c62600e"},
    {file = "pymongo-4.3.3-cp37-cp37m-manylinux_2_17_ppc64le.manylinux2014_ppc64le.whl", hash = "sha256:12f3621a46cdc7a9ba8080422262398a91762a581d27e0647746588d3f995c88"},
    {file = "pymongo-4.3.3-cp37-cp37m-manylinux_2_17_s390x.manylinux2014_s390x.whl", hash = "sha256:47f7aa217b25833cd6f0e72b0d224be55393c2692b4f5e0561cb3beeb10296e9"},
    {file = "pymongo-4.3.3-cp37-cp37m-manylinux_2_17_x86_64.manylinux2014_x86_64.whl", hash = "sha256:2c2fdc855149efe7cdcc2a01ca02bfa24761c640203ea94df467f3baf19078be"},
    {file = "pymongo-4.3.3-cp37-cp37m-manylinux_2_5_i686.manylinux1_i686.manylinux_2_17_i686.manylinux2014_i686.whl", hash = "sha256:5effd87c7d363890259eac16c56a4e8da307286012c076223997f8cc4a8c435b"},
    {file = "pymongo-4.3.3-cp37-cp37m-manylinux_2_5_i686.manylinux1_i686.whl", hash = "sha256:6dd1cf2995fdbd64fc0802313e8323f5fa18994d51af059b5b8862b73b5e53f0"},
    {file = "pymongo-4.3.3-cp37-cp37m-manylinux_2_5_x86_64.manylinux1_x86_64.whl", hash = "sha256:bb869707d8e30645ed6766e44098600ca6cdf7989c22a3ea2b7966bb1d98d4b2"},
    {file = "pymongo-4.3.3-cp37-cp37m-win32.whl", hash = "sha256:49210feb0be8051a64d71691f0acbfbedc33e149f0a5d6e271fddf6a12493fed"},
    {file = "pymongo-4.3.3-cp37-cp37m-win_amd64.whl", hash = "sha256:54c377893f2cbbffe39abcff5ff2e917b082c364521fa079305f6f064e1a24a9"},
    {file = "pymongo-4.3.3-cp38-cp38-macosx_10_9_x86_64.whl", hash = "sha256:c184ec5be465c0319440734491e1aa4709b5f3ba75fdfc9dbbc2ae715a7f6829"},
    {file = "pymongo-4.3.3-cp38-cp38-manylinux1_i686.whl", hash = "sha256:dca34367a4e77fcab0693e603a959878eaf2351585e7d752cac544bc6b2dee46"},
    {file = "pymongo-4.3.3-cp38-cp38-manylinux1_x86_64.whl", hash = "sha256:cd6a4afb20fb3c26a7bfd4611a0bbb24d93cbd746f5eb881f114b5e38fd55501"},
    {file = "pymongo-4.3.3-cp38-cp38-manylinux2014_aarch64.whl", hash = "sha256:0c466710871d0026c190fc4141e810cf9d9affbf4935e1d273fbdc7d7cda6143"},
    {file = "pymongo-4.3.3-cp38-cp38-manylinux2014_i686.whl", hash = "sha256:d07d06dba5b5f7d80f9cc45501456e440f759fe79f9895922ed486237ac378a8"},
    {file = "pymongo-4.3.3-cp38-cp38-manylinux2014_ppc64le.whl", hash = "sha256:711bc52cb98e7892c03e9b669bebd89c0a890a90dbc6d5bb2c47f30239bac6e9"},
    {file = "pymongo-4.3.3-cp38-cp38-manylinux2014_s390x.whl", hash = "sha256:34b040e095e1671df0c095ec0b04fc4ebb19c4c160f87c2b55c079b16b1a6b00"},
    {file = "pymongo-4.3.3-cp38-cp38-manylinux2014_x86_64.whl", hash = "sha256:4ed00f96e147f40b565fe7530d1da0b0f3ab803d5dd5b683834500fa5d195ec4"},
    {file = "pymongo-4.3.3-cp38-cp38-manylinux_2_17_aarch64.manylinux2014_aarch64.whl", hash = "sha256:ef888f48eb9203ee1e04b9fb27429017b290fb916f1e7826c2f7808c88798394"},
    {file = "pymongo-4.3.3-cp38-cp38-manylinux_2_17_ppc64le.manylinux2014_ppc64le.whl", hash = "sha256:316498b642c00401370b2156b5233b256f9b33799e0a8d9d0b8a7da217a20fca"},
    {file = "pymongo-4.3.3-cp38-cp38-manylinux_2_17_s390x.manylinux2014_s390x.whl", hash = "sha256:fa7e202feb683dad74f00dea066690448d0cfa310f8a277db06ec8eb466601b5"},
    {file = "pymongo-4.3.3-cp38-cp38-manylinux_2_17_x86_64.manylinux2014_x86_64.whl", hash = "sha256:52896e22115c97f1c829db32aa2760b0d61839cfe08b168c2b1d82f31dbc5f55"},
    {file = "pymongo-4.3.3-cp38-cp38-manylinux_2_5_i686.manylinux1_i686.manylinux_2_17_i686.manylinux2014_i686.whl", hash = "sha256:7c051fe37c96b9878f37fa58906cb53ecd13dcb7341d3a85f1e2e2f6b10782d9"},
    {file = "pymongo-4.3.3-cp38-cp38-manylinux_2_5_i686.manylinux1_i686.whl", hash = "sha256:5134d33286c045393c7beb51be29754647cec5ebc051cf82799c5ce9820a2ca2"},
    {file = "pymongo-4.3.3-cp38-cp38-manylinux_2_5_x86_64.manylinux1_x86_64.whl", hash = "sha256:a9c2885b4a8e6e39db5662d8b02ca6dcec796a45e48c2de12552841f061692ba"},
    {file = "pymongo-4.3.3-cp38-cp38-win32.whl", hash = "sha256:a6cd6f1db75eb07332bd3710f58f5fce4967eadbf751bad653842750a61bda62"},
    {file = "pymongo-4.3.3-cp38-cp38-win_amd64.whl", hash = "sha256:d5571b6978750601f783cea07fb6b666837010ca57e5cefa389c1d456f6222e2"},
    {file = "pymongo-4.3.3-cp39-cp39-macosx_10_9_universal2.whl", hash = "sha256:81d1a7303bd02ca1c5be4aacd4db73593f573ba8e0c543c04c6da6275fd7a47e"},
    {file = "pymongo-4.3.3-cp39-cp39-manylinux1_i686.whl", hash = "sha256:016c412118e1c23fef3a1eada4f83ae6e8844fd91986b2e066fc1b0013cdd9ae"},
    {file = "pymongo-4.3.3-cp39-cp39-manylinux1_x86_64.whl", hash = "sha256:8fd6e191b92a10310f5a6cfe10d6f839d79d192fb02480bda325286bd1c7b385"},
    {file = "pymongo-4.3.3-cp39-cp39-manylinux2014_aarch64.whl", hash = "sha256:e2961b05f9c04a53da8bfc72f1910b6aec7205fcf3ac9c036d24619979bbee4b"},
    {file = "pymongo-4.3.3-cp39-cp39-manylinux2014_i686.whl", hash = "sha256:b38a96b3eed8edc515b38257f03216f382c4389d022a8834667e2bc63c0c0c31"},
    {file = "pymongo-4.3.3-cp39-cp39-manylinux2014_ppc64le.whl", hash = "sha256:c1a70c51da9fa95bd75c167edb2eb3f3c4d27bc4ddd29e588f21649d014ec0b7"},
    {file = "pymongo-4.3.3-cp39-cp39-manylinux2014_s390x.whl", hash = "sha256:8a06a0c02f5606330e8f2e2f3b7949877ca7e4024fa2bff5a4506bec66c49ec7"},
    {file = "pymongo-4.3.3-cp39-cp39-manylinux2014_x86_64.whl", hash = "sha256:6c2216d8b6a6d019c6f4b1ad55f890e5e77eb089309ffc05b6911c09349e7474"},
    {file = "pymongo-4.3.3-cp39-cp39-manylinux_2_17_aarch64.manylinux2014_aarch64.whl", hash = "sha256:eac0a143ef4f28f49670bf89cb15847eb80b375d55eba401ca2f777cd425f338"},
    {file = "pymongo-4.3.3-cp39-cp39-manylinux_2_17_ppc64le.manylinux2014_ppc64le.whl", hash = "sha256:08fc250b5552ee97ceeae0f52d8b04f360291285fc7437f13daa516ce38fdbc6"},
    {file = "pymongo-4.3.3-cp39-cp39-manylinux_2_17_s390x.manylinux2014_s390x.whl", hash = "sha256:704d939656e21b073bfcddd7228b29e0e8a93dd27b54240eaafc0b9a631629a6"},
    {file = "pymongo-4.3.3-cp39-cp39-manylinux_2_17_x86_64.manylinux2014_x86_64.whl", hash = "sha256:1074f1a6f23e28b983c96142f2d45be03ec55d93035b471c26889a7ad2365db3"},
    {file = "pymongo-4.3.3-cp39-cp39-manylinux_2_5_i686.manylinux1_i686.manylinux_2_17_i686.manylinux2014_i686.whl", hash = "sha256:7b16250238de8dafca225647608dddc7bbb5dce3dd53b4d8e63c1cc287394c2f"},
    {file = "pymongo-4.3.3-cp39-cp39-manylinux_2_5_i686.manylinux1_i686.whl", hash = "sha256:7761cacb8745093062695b11574effea69db636c2fd0a9269a1f0183712927b4"},
    {file = "pymongo-4.3.3-cp39-cp39-manylinux_2_5_x86_64.manylinux1_x86_64.whl", hash = "sha256:fd7bb378d82b88387dc10227cfd964f6273eb083e05299e9b97cbe075da12d11"},
    {file = "pymongo-4.3.3-cp39-cp39-win32.whl", hash = "sha256:dc24d245026a72d9b4953729d31813edd4bd4e5c13622d96e27c284942d33f24"},
    {file = "pymongo-4.3.3-cp39-cp39-win_amd64.whl", hash = "sha256:fc28e8d85d392a06434e9a934908d97e2cf453d69488d2bcd0bfb881497fd975"},
    {file = "pymongo-4.3.3.tar.gz", hash = "sha256:34e95ffb0a68bffbc3b437f2d1f25fc916fef3df5cdeed0992da5f42fae9b807"},
]
pyparsing = [
    {file = "pyparsing-3.0.9-py3-none-any.whl", hash = "sha256:5026bae9a10eeaefb61dab2f09052b9f4307d44aee4eda64b309723d8d206bbc"},
    {file = "pyparsing-3.0.9.tar.gz", hash = "sha256:2b020ecf7d21b687f219b71ecad3631f644a47f01403fa1d1036b0c6416d70fb"},
]
pytest = [
    {file = "pytest-5.4.3-py3-none-any.whl", hash = "sha256:5c0db86b698e8f170ba4582a492248919255fcd4c79b1ee64ace34301fb589a1"},
    {file = "pytest-5.4.3.tar.gz", hash = "sha256:7979331bfcba207414f5e1263b5a0f8f521d0f457318836a7355531ed1a4c7d8"},
]
python-dotenv = [
    {file = "python-dotenv-0.21.0.tar.gz", hash = "sha256:b77d08274639e3d34145dfa6c7008e66df0f04b7be7a75fd0d5292c191d79045"},
    {file = "python_dotenv-0.21.0-py3-none-any.whl", hash = "sha256:1684eb44636dd462b66c3ee016599815514527ad99965de77f43e0944634a7e5"},
]
pytz = [
    {file = "pytz-2022.6-py2.py3-none-any.whl", hash = "sha256:222439474e9c98fced559f1709d89e6c9cbf8d79c794ff3eb9f8800064291427"},
    {file = "pytz-2022.6.tar.gz", hash = "sha256:e89512406b793ca39f5971bc999cc538ce125c0e51c27941bef4568b460095e2"},
]
pytz-deprecation-shim = [
    {file = "pytz_deprecation_shim-0.1.0.post0-py2.py3-none-any.whl", hash = "sha256:8314c9692a636c8eb3bda879b9f119e350e93223ae83e70e80c31675a0fdc1a6"},
    {file = "pytz_deprecation_shim-0.1.0.post0.tar.gz", hash = "sha256:af097bae1b616dde5c5744441e2ddc69e74dfdcb0c263129610d85b87445a59d"},
]
six = [
    {file = "six-1.16.0-py2.py3-none-any.whl", hash = "sha256:8abb2f1d86890a2dfb989f9a77cfcfd3e47c2a354b01111771326f8aa26e0254"},
    {file = "six-1.16.0.tar.gz", hash = "sha256:1e61c37477a1626458e36f7b1d82aa5c9b094fa4802892072e49de9c60c4c926"},
]
sniffio = [
    {file = "sniffio-1.3.0-py3-none-any.whl", hash = "sha256:eecefdce1e5bbfb7ad2eeaabf7c1eeb404d7757c379bd1f7e5cce9d8bf425384"},
    {file = "sniffio-1.3.0.tar.gz", hash = "sha256:e60305c5e5d314f5389259b7f22aaa33d8f7dee49763119234af3755c55b9101"},
]
starlette = [
    {file = "starlette-0.20.4-py3-none-any.whl", hash = "sha256:c0414d5a56297d37f3db96a84034d61ce29889b9eaccf65eb98a0b39441fcaa3"},
    {file = "starlette-0.20.4.tar.gz", hash = "sha256:42fcf3122f998fefce3e2c5ad7e5edbf0f02cf685d646a83a08d404726af5084"},
]
typing-extensions = [
    {file = "typing_extensions-4.4.0-py3-none-any.whl", hash = "sha256:16fa4864408f655d35ec496218b85f79b3437c829e93320c7c9215ccfd92489e"},
    {file = "typing_extensions-4.4.0.tar.gz", hash = "sha256:1511434bb92bf8dd198c12b1cc812e800d4181cfcb867674e0f8279cc93087aa"},
]
tzdata = [
    {file = "tzdata-2022.6-py2.py3-none-any.whl", hash = "sha256:04a680bdc5b15750c39c12a448885a51134a27ec9af83667663f0b3a1bf3f342"},
    {file = "tzdata-2022.6.tar.gz", hash = "sha256:91f11db4503385928c15598c98573e3af07e7229181bee5375bd30f1695ddcae"},
]
tzlocal = [
    {file = "tzlocal-4.2-py3-none-any.whl", hash = "sha256:89885494684c929d9191c57aa27502afc87a579be5cdd3225c77c463ea043745"},
    {file = "tzlocal-4.2.tar.gz", hash = "sha256:ee5842fa3a795f023514ac2d801c4a81d1743bbe642e3940143326b3a00addd7"},
]
uvicorn = [
    {file = "uvicorn-0.19.0-py3-none-any.whl", hash = "sha256:cc277f7e73435748e69e075a721841f7c4a95dba06d12a72fe9874acced16f6f"},
    {file = "uvicorn-0.19.0.tar.gz", hash = "sha256:cf538f3018536edb1f4a826311137ab4944ed741d52aeb98846f52215de57f25"},
]
wcwidth = [
    {file = "wcwidth-0.2.5-py2.py3-none-any.whl", hash = "sha256:beb4802a9cebb9144e99086eff703a642a13d6a0052920003a230f3294bbe784"},
    {file = "wcwidth-0.2.5.tar.gz", hash = "sha256:c4d647b99872929fdb7bdcaa4fbe7f01413ed3d98077df798530e5b04f116c83"},
]
websockets = [
    {file = "websockets-10.4-cp310-cp310-macosx_10_9_universal2.whl", hash = "sha256:d58804e996d7d2307173d56c297cf7bc132c52df27a3efaac5e8d43e36c21c48"},
    {file = "websockets-10.4-cp310-cp310-macosx_10_9_x86_64.whl", hash = "sha256:bc0b82d728fe21a0d03e65f81980abbbcb13b5387f733a1a870672c5be26edab"},
    {file = "websockets-10.4-cp310-cp310-macosx_11_0_arm64.whl", hash = "sha256:ba089c499e1f4155d2a3c2a05d2878a3428cf321c848f2b5a45ce55f0d7d310c"},
    {file = "websockets-10.4-cp310-cp310-manylinux_2_17_aarch64.manylinux2014_aarch64.whl", hash = "sha256:33d69ca7612f0ddff3316b0c7b33ca180d464ecac2d115805c044bf0a3b0d032"},
    {file = "websockets-10.4-cp310-cp310-manylinux_2_5_i686.manylinux1_i686.manylinux_2_17_i686.manylinux2014_i686.whl", hash = "sha256:62e627f6b6d4aed919a2052efc408da7a545c606268d5ab5bfab4432734b82b4"},
    {file = "websockets-10.4-cp310-cp310-manylinux_2_5_x86_64.manylinux1_x86_64.manylinux_2_17_x86_64.manylinux2014_x86_64.whl", hash = "sha256:38ea7b82bfcae927eeffc55d2ffa31665dc7fec7b8dc654506b8e5a518eb4d50"},
    {file = "websockets-10.4-cp310-cp310-musllinux_1_1_aarch64.whl", hash = "sha256:e0cb5cc6ece6ffa75baccfd5c02cffe776f3f5c8bf486811f9d3ea3453676ce8"},
    {file = "websockets-10.4-cp310-cp310-musllinux_1_1_i686.whl", hash = "sha256:ae5e95cfb53ab1da62185e23b3130e11d64431179debac6dc3c6acf08760e9b1"},
    {file = "websockets-10.4-cp310-cp310-musllinux_1_1_x86_64.whl", hash = "sha256:7c584f366f46ba667cfa66020344886cf47088e79c9b9d39c84ce9ea98aaa331"},
    {file = "websockets-10.4-cp310-cp310-win32.whl", hash = "sha256:b029fb2032ae4724d8ae8d4f6b363f2cc39e4c7b12454df8df7f0f563ed3e61a"},
    {file = "websockets-10.4-cp310-cp310-win_amd64.whl", hash = "sha256:8dc96f64ae43dde92530775e9cb169979f414dcf5cff670455d81a6823b42089"},
    {file = "websockets-10.4-cp311-cp311-macosx_10_9_universal2.whl", hash = "sha256:47a2964021f2110116cc1125b3e6d87ab5ad16dea161949e7244ec583b905bb4"},
    {file = "websockets-10.4-cp311-cp311-macosx_10_9_x86_64.whl", hash = "sha256:e789376b52c295c4946403bd0efecf27ab98f05319df4583d3c48e43c7342c2f"},
    {file = "websockets-10.4-cp311-cp311-macosx_11_0_arm64.whl", hash = "sha256:7d3f0b61c45c3fa9a349cf484962c559a8a1d80dae6977276df8fd1fa5e3cb8c"},
    {file = "websockets-10.4-cp311-cp311-manylinux_2_17_aarch64.manylinux2014_aarch64.whl", hash = "sha256:f55b5905705725af31ccef50e55391621532cd64fbf0bc6f4bac935f0fccec46"},
    {file = "websockets-10.4-cp311-cp311-manylinux_2_5_i686.manylinux1_i686.manylinux_2_17_i686.manylinux2014_i686.whl", hash = "sha256:00c870522cdb69cd625b93f002961ffb0c095394f06ba8c48f17eef7c1541f96"},
    {file = "websockets-10.4-cp311-cp311-manylinux_2_5_x86_64.manylinux1_x86_64.manylinux_2_17_x86_64.manylinux2014_x86_64.whl", hash = "sha256:8f38706e0b15d3c20ef6259fd4bc1700cd133b06c3c1bb108ffe3f8947be15fa"},
    {file = "websockets-10.4-cp311-cp311-musllinux_1_1_aarch64.whl", hash = "sha256:f2c38d588887a609191d30e902df2a32711f708abfd85d318ca9b367258cfd0c"},
    {file = "websockets-10.4-cp311-cp311-musllinux_1_1_i686.whl", hash = "sha256:fe10ddc59b304cb19a1bdf5bd0a7719cbbc9fbdd57ac80ed436b709fcf889106"},
    {file = "websockets-10.4-cp311-cp311-musllinux_1_1_x86_64.whl", hash = "sha256:90fcf8929836d4a0e964d799a58823547df5a5e9afa83081761630553be731f9"},
    {file = "websockets-10.4-cp311-cp311-win32.whl", hash = "sha256:b9968694c5f467bf67ef97ae7ad4d56d14be2751000c1207d31bf3bb8860bae8"},
    {file = "websockets-10.4-cp311-cp311-win_amd64.whl", hash = "sha256:a7a240d7a74bf8d5cb3bfe6be7f21697a28ec4b1a437607bae08ac7acf5b4882"},
    {file = "websockets-10.4-cp37-cp37m-macosx_10_9_x86_64.whl", hash = "sha256:74de2b894b47f1d21cbd0b37a5e2b2392ad95d17ae983e64727e18eb281fe7cb"},
    {file = "websockets-10.4-cp37-cp37m-manylinux_2_17_aarch64.manylinux2014_aarch64.whl", hash = "sha256:e3a686ecb4aa0d64ae60c9c9f1a7d5d46cab9bfb5d91a2d303d00e2cd4c4c5cc"},
    {file = "websockets-10.4-cp37-cp37m-manylinux_2_5_i686.manylinux1_i686.manylinux_2_17_i686.manylinux2014_i686.whl", hash = "sha256:b0d15c968ea7a65211e084f523151dbf8ae44634de03c801b8bd070b74e85033"},
    {file = "websockets-10.4-cp37-cp37m-manylinux_2_5_x86_64.manylinux1_x86_64.manylinux_2_17_x86_64.manylinux2014_x86_64.whl", hash = "sha256:00213676a2e46b6ebf6045bc11d0f529d9120baa6f58d122b4021ad92adabd41"},
    {file = "websockets-10.4-cp37-cp37m-musllinux_1_1_aarch64.whl", hash = "sha256:e23173580d740bf8822fd0379e4bf30aa1d5a92a4f252d34e893070c081050df"},
    {file = "websockets-10.4-cp37-cp37m-musllinux_1_1_i686.whl", hash = "sha256:dd500e0a5e11969cdd3320935ca2ff1e936f2358f9c2e61f100a1660933320ea"},
    {file = "websockets-10.4-cp37-cp37m-musllinux_1_1_x86_64.whl", hash = "sha256:4239b6027e3d66a89446908ff3027d2737afc1a375f8fd3eea630a4842ec9a0c"},
    {file = "websockets-10.4-cp37-cp37m-win32.whl", hash = "sha256:8a5cc00546e0a701da4639aa0bbcb0ae2bb678c87f46da01ac2d789e1f2d2038"},
    {file = "websockets-10.4-cp37-cp37m-win_amd64.whl", hash = "sha256:a9f9a735deaf9a0cadc2d8c50d1a5bcdbae8b6e539c6e08237bc4082d7c13f28"},
    {file = "websockets-10.4-cp38-cp38-macosx_10_9_universal2.whl", hash = "sha256:5c1289596042fad2cdceb05e1ebf7aadf9995c928e0da2b7a4e99494953b1b94"},
    {file = "websockets-10.4-cp38-cp38-macosx_10_9_x86_64.whl", hash = "sha256:0cff816f51fb33c26d6e2b16b5c7d48eaa31dae5488ace6aae468b361f422b63"},
    {file = "websockets-10.4-cp38-cp38-macosx_11_0_arm64.whl", hash = "sha256:dd9becd5fe29773d140d68d607d66a38f60e31b86df75332703757ee645b6faf"},
    {file = "websockets-10.4-cp38-cp38-manylinux_2_17_aarch64.manylinux2014_aarch64.whl", hash = "sha256:45ec8e75b7dbc9539cbfafa570742fe4f676eb8b0d3694b67dabe2f2ceed8aa6"},
    {file = "websockets-10.4-cp38-cp38-manylinux_2_5_i686.manylinux1_i686.manylinux_2_17_i686.manylinux2014_i686.whl", hash = "sha256:4f72e5cd0f18f262f5da20efa9e241699e0cf3a766317a17392550c9ad7b37d8"},
    {file = "websockets-10.4-cp38-cp38-manylinux_2_5_x86_64.manylinux1_x86_64.manylinux_2_17_x86_64.manylinux2014_x86_64.whl", hash = "sha256:185929b4808b36a79c65b7865783b87b6841e852ef5407a2fb0c03381092fa3b"},
    {file = "websockets-10.4-cp38-cp38-musllinux_1_1_aarch64.whl", hash = "sha256:7d27a7e34c313b3a7f91adcd05134315002aaf8540d7b4f90336beafaea6217c"},
    {file = "websockets-10.4-cp38-cp38-musllinux_1_1_i686.whl", hash = "sha256:884be66c76a444c59f801ac13f40c76f176f1bfa815ef5b8ed44321e74f1600b"},
    {file = "websockets-10.4-cp38-cp38-musllinux_1_1_x86_64.whl", hash = "sha256:931c039af54fc195fe6ad536fde4b0de04da9d5916e78e55405436348cfb0e56"},
    {file = "websockets-10.4-cp38-cp38-win32.whl", hash = "sha256:db3c336f9eda2532ec0fd8ea49fef7a8df8f6c804cdf4f39e5c5c0d4a4ad9a7a"},
    {file = "websockets-10.4-cp38-cp38-win_amd64.whl", hash = "sha256:48c08473563323f9c9debac781ecf66f94ad5a3680a38fe84dee5388cf5acaf6"},
    {file = "websockets-10.4-cp39-cp39-macosx_10_9_universal2.whl", hash = "sha256:40e826de3085721dabc7cf9bfd41682dadc02286d8cf149b3ad05bff89311e4f"},
    {file = "websockets-10.4-cp39-cp39-macosx_10_9_x86_64.whl", hash = "sha256:56029457f219ade1f2fc12a6504ea61e14ee227a815531f9738e41203a429112"},
    {file = "websockets-10.4-cp39-cp39-macosx_11_0_arm64.whl", hash = "sha256:f5fc088b7a32f244c519a048c170f14cf2251b849ef0e20cbbb0fdf0fdaf556f"},
    {file = "websockets-10.4-cp39-cp39-manylinux_2_17_aarch64.manylinux2014_aarch64.whl", hash = "sha256:2fc8709c00704194213d45e455adc106ff9e87658297f72d544220e32029cd3d"},
    {file = "websockets-10.4-cp39-cp39-manylinux_2_5_i686.manylinux1_i686.manylinux_2_17_i686.manylinux2014_i686.whl", hash = "sha256:0154f7691e4fe6c2b2bc275b5701e8b158dae92a1ab229e2b940efe11905dff4"},
    {file = "websockets-10.4-cp39-cp39-manylinux_2_5_x86_64.manylinux1_x86_64.manylinux_2_17_x86_64.manylinux2014_x86_64.whl", hash = "sha256:4c6d2264f485f0b53adf22697ac11e261ce84805c232ed5dbe6b1bcb84b00ff0"},
    {file = "websockets-10.4-cp39-cp39-musllinux_1_1_aarch64.whl", hash = "sha256:9bc42e8402dc5e9905fb8b9649f57efcb2056693b7e88faa8fb029256ba9c68c"},
    {file = "websockets-10.4-cp39-cp39-musllinux_1_1_i686.whl", hash = "sha256:edc344de4dac1d89300a053ac973299e82d3db56330f3494905643bb68801269"},
    {file = "websockets-10.4-cp39-cp39-musllinux_1_1_x86_64.whl", hash = "sha256:84bc2a7d075f32f6ed98652db3a680a17a4edb21ca7f80fe42e38753a58ee02b"},
    {file = "websockets-10.4-cp39-cp39-win32.whl", hash = "sha256:c94ae4faf2d09f7c81847c63843f84fe47bf6253c9d60b20f25edfd30fb12588"},
    {file = "websockets-10.4-cp39-cp39-win_amd64.whl", hash = "sha256:bbccd847aa0c3a69b5f691a84d2341a4f8a629c6922558f2a70611305f902d74"},
    {file = "websockets-10.4-pp37-pypy37_pp73-macosx_10_9_x86_64.whl", hash = "sha256:82ff5e1cae4e855147fd57a2863376ed7454134c2bf49ec604dfe71e446e2193"},
    {file = "websockets-10.4-pp37-pypy37_pp73-manylinux_2_17_aarch64.manylinux2014_aarch64.whl", hash = "sha256:d210abe51b5da0ffdbf7b43eed0cfdff8a55a1ab17abbec4301c9ff077dd0342"},
    {file = "websockets-10.4-pp37-pypy37_pp73-manylinux_2_5_i686.manylinux1_i686.manylinux_2_17_i686.manylinux2014_i686.whl", hash = "sha256:942de28af58f352a6f588bc72490ae0f4ccd6dfc2bd3de5945b882a078e4e179"},
    {file = "websockets-10.4-pp37-pypy37_pp73-manylinux_2_5_x86_64.manylinux1_x86_64.manylinux_2_17_x86_64.manylinux2014_x86_64.whl", hash = "sha256:c9b27d6c1c6cd53dc93614967e9ce00ae7f864a2d9f99fe5ed86706e1ecbf485"},
    {file = "websockets-10.4-pp37-pypy37_pp73-win_amd64.whl", hash = "sha256:3d3cac3e32b2c8414f4f87c1b2ab686fa6284a980ba283617404377cd448f631"},
    {file = "websockets-10.4-pp38-pypy38_pp73-macosx_10_9_x86_64.whl", hash = "sha256:da39dd03d130162deb63da51f6e66ed73032ae62e74aaccc4236e30edccddbb0"},
    {file = "websockets-10.4-pp38-pypy38_pp73-manylinux_2_17_aarch64.manylinux2014_aarch64.whl", hash = "sha256:389f8dbb5c489e305fb113ca1b6bdcdaa130923f77485db5b189de343a179393"},
    {file = "websockets-10.4-pp38-pypy38_pp73-manylinux_2_5_i686.manylinux1_i686.manylinux_2_17_i686.manylinux2014_i686.whl", hash = "sha256:09a1814bb15eff7069e51fed0826df0bc0702652b5cb8f87697d469d79c23576"},
    {file = "websockets-10.4-pp38-pypy38_pp73-manylinux_2_5_x86_64.manylinux1_x86_64.manylinux_2_17_x86_64.manylinux2014_x86_64.whl", hash = "sha256:ff64a1d38d156d429404aaa84b27305e957fd10c30e5880d1765c9480bea490f"},
    {file = "websockets-10.4-pp38-pypy38_pp73-win_amd64.whl", hash = "sha256:b343f521b047493dc4022dd338fc6db9d9282658862756b4f6fd0e996c1380e1"},
    {file = "websockets-10.4-pp39-pypy39_pp73-macosx_10_9_x86_64.whl", hash = "sha256:932af322458da7e4e35df32f050389e13d3d96b09d274b22a7aa1808f292fee4"},
    {file = "websockets-10.4-pp39-pypy39_pp73-manylinux_2_17_aarch64.manylinux2014_aarch64.whl", hash = "sha256:d6a4162139374a49eb18ef5b2f4da1dd95c994588f5033d64e0bbfda4b6b6fcf"},
    {file = "websockets-10.4-pp39-pypy39_pp73-manylinux_2_5_i686.manylinux1_i686.manylinux_2_17_i686.manylinux2014_i686.whl", hash = "sha256:c57e4c1349fbe0e446c9fa7b19ed2f8a4417233b6984277cce392819123142d3"},
    {file = "websockets-10.4-pp39-pypy39_pp73-manylinux_2_5_x86_64.manylinux1_x86_64.manylinux_2_17_x86_64.manylinux2014_x86_64.whl", hash = "sha256:b627c266f295de9dea86bd1112ed3d5fafb69a348af30a2422e16590a8ecba13"},
    {file = "websockets-10.4-pp39-pypy39_pp73-win_amd64.whl", hash = "sha256:05a7233089f8bd355e8cbe127c2e8ca0b4ea55467861906b80d2ebc7db4d6b72"},
    {file = "websockets-10.4.tar.gz", hash = "sha256:eef610b23933c54d5d921c92578ae5f89813438fded840c2e9809d378dc765d3"},
]
